// !$*UTF8*$!
{
	archiveVersion = 1;
	classes = {
	};
	objectVersion = 46;
	objects = {

/* Begin PBXBuildFile section */
		C9910F661871F7170021364E /* Foundation.framework in Frameworks */ = {isa = PBXBuildFile; fileRef = C9910F651871F7170021364E /* Foundation.framework */; };
		C9910F681871F7170021364E /* CoreGraphics.framework in Frameworks */ = {isa = PBXBuildFile; fileRef = C9910F671871F7170021364E /* CoreGraphics.framework */; };
		C9910F6A1871F7170021364E /* UIKit.framework in Frameworks */ = {isa = PBXBuildFile; fileRef = C9910F691871F7170021364E /* UIKit.framework */; };
		C9910F701871F7180021364E /* InfoPlist.strings in Resources */ = {isa = PBXBuildFile; fileRef = C9910F6E1871F7180021364E /* InfoPlist.strings */; };
		C9910F721871F7180021364E /* main.m in Sources */ = {isa = PBXBuildFile; fileRef = C9910F711871F7180021364E /* main.m */; };
		C9910F761871F7180021364E /* GCAppDelegate.m in Sources */ = {isa = PBXBuildFile; fileRef = C9910F751871F7180021364E /* GCAppDelegate.m */; };
		C9910F791871F7180021364E /* Main.storyboard in Resources */ = {isa = PBXBuildFile; fileRef = C9910F771871F7180021364E /* Main.storyboard */; };
		C9910F7C1871F7180021364E /* GCViewController.m in Sources */ = {isa = PBXBuildFile; fileRef = C9910F7B1871F7180021364E /* GCViewController.m */; };
		C9910F7E1871F7180021364E /* Images.xcassets in Resources */ = {isa = PBXBuildFile; fileRef = C9910F7D1871F7180021364E /* Images.xcassets */; };
		C9910F851871F7180021364E /* XCTest.framework in Frameworks */ = {isa = PBXBuildFile; fileRef = C9910F841871F7180021364E /* XCTest.framework */; };
		C9910F861871F7180021364E /* Foundation.framework in Frameworks */ = {isa = PBXBuildFile; fileRef = C9910F651871F7170021364E /* Foundation.framework */; };
		C9910F871871F7180021364E /* UIKit.framework in Frameworks */ = {isa = PBXBuildFile; fileRef = C9910F691871F7170021364E /* UIKit.framework */; };
		C9910F8F1871F7180021364E /* InfoPlist.strings in Resources */ = {isa = PBXBuildFile; fileRef = C9910F8D1871F7180021364E /* InfoPlist.strings */; };
		C9910F911871F7180021364E /* DynamicBackgroundTests.m in Sources */ = {isa = PBXBuildFile; fileRef = C9910F901871F7180021364E /* DynamicBackgroundTests.m */; };
/* End PBXBuildFile section */

/* Begin PBXContainerItemProxy section */
		C9910F881871F7180021364E /* PBXContainerItemProxy */ = {
			isa = PBXContainerItemProxy;
			containerPortal = C9910F5A1871F7170021364E /* Project object */;
			proxyType = 1;
			remoteGlobalIDString = C9910F611871F7170021364E;
			remoteInfo = DynamicBackground;
		};
/* End PBXContainerItemProxy section */

/* Begin PBXFileReference section */
		C9910F621871F7170021364E /* DynamicBackground.app */ = {isa = PBXFileReference; explicitFileType = wrapper.application; includeInIndex = 0; path = DynamicBackground.app; sourceTree = BUILT_PRODUCTS_DIR; };
		C9910F651871F7170021364E /* Foundation.framework */ = {isa = PBXFileReference; lastKnownFileType = wrapper.framework; name = Foundation.framework; path = System/Library/Frameworks/Foundation.framework; sourceTree = SDKROOT; };
		C9910F671871F7170021364E /* CoreGraphics.framework */ = {isa = PBXFileReference; lastKnownFileType = wrapper.framework; name = CoreGraphics.framework; path = System/Library/Frameworks/CoreGraphics.framework; sourceTree = SDKROOT; };
		C9910F691871F7170021364E /* UIKit.framework */ = {isa = PBXFileReference; lastKnownFileType = wrapper.framework; name = UIKit.framework; path = System/Library/Frameworks/UIKit.framework; sourceTree = SDKROOT; };
		C9910F6D1871F7180021364E /* DynamicBackground-Info.plist */ = {isa = PBXFileReference; lastKnownFileType = text.plist.xml; path = "DynamicBackground-Info.plist"; sourceTree = "<group>"; };
		C9910F6F1871F7180021364E /* en */ = {isa = PBXFileReference; lastKnownFileType = text.plist.strings; name = en; path = en.lproj/InfoPlist.strings; sourceTree = "<group>"; };
		C9910F711871F7180021364E /* main.m */ = {isa = PBXFileReference; lastKnownFileType = sourcecode.c.objc; path = main.m; sourceTree = "<group>"; };
		C9910F731871F7180021364E /* DynamicBackground-Prefix.pch */ = {isa = PBXFileReference; lastKnownFileType = sourcecode.c.h; path = "DynamicBackground-Prefix.pch"; sourceTree = "<group>"; };
		C9910F741871F7180021364E /* GCAppDelegate.h */ = {isa = PBXFileReference; lastKnownFileType = sourcecode.c.h; path = GCAppDelegate.h; sourceTree = "<group>"; };
		C9910F751871F7180021364E /* GCAppDelegate.m */ = {isa = PBXFileReference; lastKnownFileType = sourcecode.c.objc; path = GCAppDelegate.m; sourceTree = "<group>"; };
		C9910F781871F7180021364E /* Base */ = {isa = PBXFileReference; lastKnownFileType = file.storyboard; name = Base; path = Base.lproj/Main.storyboard; sourceTree = "<group>"; };
		C9910F7A1871F7180021364E /* GCViewController.h */ = {isa = PBXFileReference; lastKnownFileType = sourcecode.c.h; path = GCViewController.h; sourceTree = "<group>"; };
		C9910F7B1871F7180021364E /* GCViewController.m */ = {isa = PBXFileReference; lastKnownFileType = sourcecode.c.objc; path = GCViewController.m; sourceTree = "<group>"; };
		C9910F7D1871F7180021364E /* Images.xcassets */ = {isa = PBXFileReference; lastKnownFileType = folder.assetcatalog; path = Images.xcassets; sourceTree = "<group>"; };
		C9910F831871F7180021364E /* DynamicBackgroundTests.xctest */ = {isa = PBXFileReference; explicitFileType = wrapper.cfbundle; includeInIndex = 0; path = DynamicBackgroundTests.xctest; sourceTree = BUILT_PRODUCTS_DIR; };
		C9910F841871F7180021364E /* XCTest.framework */ = {isa = PBXFileReference; lastKnownFileType = wrapper.framework; name = XCTest.framework; path = Library/Frameworks/XCTest.framework; sourceTree = DEVELOPER_DIR; };
		C9910F8C1871F7180021364E /* DynamicBackgroundTests-Info.plist */ = {isa = PBXFileReference; lastKnownFileType = text.plist.xml; path = "DynamicBackgroundTests-Info.plist"; sourceTree = "<group>"; };
		C9910F8E1871F7180021364E /* en */ = {isa = PBXFileReference; lastKnownFileType = text.plist.strings; name = en; path = en.lproj/InfoPlist.strings; sourceTree = "<group>"; };
		C9910F901871F7180021364E /* DynamicBackgroundTests.m */ = {isa = PBXFileReference; lastKnownFileType = sourcecode.c.objc; path = DynamicBackgroundTests.m; sourceTree = "<group>"; };
/* End PBXFileReference section */

/* Begin PBXFrameworksBuildPhase section */
		C9910F5F1871F7170021364E /* Frameworks */ = {
			isa = PBXFrameworksBuildPhase;
			buildActionMask = 2147483647;
			files = (
				C9910F681871F7170021364E /* CoreGraphics.framework in Frameworks */,
				C9910F6A1871F7170021364E /* UIKit.framework in Frameworks */,
				C9910F661871F7170021364E /* Foundation.framework in Frameworks */,
			);
			runOnlyForDeploymentPostprocessing = 0;
		};
		C9910F801871F7180021364E /* Frameworks */ = {
			isa = PBXFrameworksBuildPhase;
			buildActionMask = 2147483647;
			files = (
				C9910F851871F7180021364E /* XCTest.framework in Frameworks */,
				C9910F871871F7180021364E /* UIKit.framework in Frameworks */,
				C9910F861871F7180021364E /* Foundation.framework in Frameworks */,
			);
			runOnlyForDeploymentPostprocessing = 0;
		};
/* End PBXFrameworksBuildPhase section */

/* Begin PBXGroup section */
		C9910F591871F7170021364E = {
			isa = PBXGroup;
			children = (
				C9910F6B1871F7170021364E /* DynamicBackground */,
				C9910F8A1871F7180021364E /* DynamicBackgroundTests */,
				C9910F641871F7170021364E /* Frameworks */,
				C9910F631871F7170021364E /* Products */,
			);
			sourceTree = "<group>";
		};
		C9910F631871F7170021364E /* Products */ = {
			isa = PBXGroup;
			children = (
				C9910F621871F7170021364E /* DynamicBackground.app */,
				C9910F831871F7180021364E /* DynamicBackgroundTests.xctest */,
			);
			name = Products;
			sourceTree = "<group>";
		};
		C9910F641871F7170021364E /* Frameworks */ = {
			isa = PBXGroup;
			children = (
				C9910F651871F7170021364E /* Foundation.framework */,
				C9910F671871F7170021364E /* CoreGraphics.framework */,
				C9910F691871F7170021364E /* UIKit.framework */,
				C9910F841871F7180021364E /* XCTest.framework */,
			);
			name = Frameworks;
			sourceTree = "<group>";
		};
		C9910F6B1871F7170021364E /* DynamicBackground */ = {
			isa = PBXGroup;
			children = (
				C9910F741871F7180021364E /* GCAppDelegate.h */,
				C9910F751871F7180021364E /* GCAppDelegate.m */,
				C9910F771871F7180021364E /* Main.storyboard */,
				C9910F7A1871F7180021364E /* GCViewController.h */,
				C9910F7B1871F7180021364E /* GCViewController.m */,
				C9910F7D1871F7180021364E /* Images.xcassets */,
				C9910F6C1871F7180021364E /* Supporting Files */,
			);
			path = DynamicBackground;
			sourceTree = "<group>";
		};
		C9910F6C1871F7180021364E /* Supporting Files */ = {
			isa = PBXGroup;
			children = (
				C9910F6D1871F7180021364E /* DynamicBackground-Info.plist */,
				C9910F6E1871F7180021364E /* InfoPlist.strings */,
				C9910F711871F7180021364E /* main.m */,
				C9910F731871F7180021364E /* DynamicBackground-Prefix.pch */,
			);
			name = "Supporting Files";
			sourceTree = "<group>";
		};
		C9910F8A1871F7180021364E /* DynamicBackgroundTests */ = {
			isa = PBXGroup;
			children = (
				C9910F901871F7180021364E /* DynamicBackgroundTests.m */,
				C9910F8B1871F7180021364E /* Supporting Files */,
			);
			path = DynamicBackgroundTests;
			sourceTree = "<group>";
		};
		C9910F8B1871F7180021364E /* Supporting Files */ = {
			isa = PBXGroup;
			children = (
				C9910F8C1871F7180021364E /* DynamicBackgroundTests-Info.plist */,
				C9910F8D1871F7180021364E /* InfoPlist.strings */,
			);
			name = "Supporting Files";
			sourceTree = "<group>";
		};
/* End PBXGroup section */

/* Begin PBXNativeTarget section */
		C9910F611871F7170021364E /* DynamicBackground */ = {
			isa = PBXNativeTarget;
			buildConfigurationList = C9910F941871F7180021364E /* Build configuration list for PBXNativeTarget "DynamicBackground" */;
			buildPhases = (
				C9910F5E1871F7170021364E /* Sources */,
				C9910F5F1871F7170021364E /* Frameworks */,
				C9910F601871F7170021364E /* Resources */,
			);
			buildRules = (
			);
			dependencies = (
			);
			name = DynamicBackground;
			productName = DynamicBackground;
			productReference = C9910F621871F7170021364E /* DynamicBackground.app */;
			productType = "com.apple.product-type.application";
		};
		C9910F821871F7180021364E /* DynamicBackgroundTests */ = {
			isa = PBXNativeTarget;
			buildConfigurationList = C9910F971871F7180021364E /* Build configuration list for PBXNativeTarget "DynamicBackgroundTests" */;
			buildPhases = (
				C9910F7F1871F7180021364E /* Sources */,
				C9910F801871F7180021364E /* Frameworks */,
				C9910F811871F7180021364E /* Resources */,
			);
			buildRules = (
			);
			dependencies = (
				C9910F891871F7180021364E /* PBXTargetDependency */,
			);
			name = DynamicBackgroundTests;
			productName = DynamicBackgroundTests;
			productReference = C9910F831871F7180021364E /* DynamicBackgroundTests.xctest */;
			productType = "com.apple.product-type.bundle.unit-test";
		};
/* End PBXNativeTarget section */

/* Begin PBXProject section */
		C9910F5A1871F7170021364E /* Project object */ = {
			isa = PBXProject;
			attributes = {
				CLASSPREFIX = GC;
				LastUpgradeCheck = 0500;
				ORGANIZATIONNAME = "Matt Hawkins";
				TargetAttributes = {
					C9910F821871F7180021364E = {
						TestTargetID = C9910F611871F7170021364E;
					};
				};
			};
			buildConfigurationList = C9910F5D1871F7170021364E /* Build configuration list for PBXProject "DynamicBackground" */;
			compatibilityVersion = "Xcode 3.2";
			developmentRegion = English;
			hasScannedForEncodings = 0;
			knownRegions = (
				en,
				Base,
			);
			mainGroup = C9910F591871F7170021364E;
			productRefGroup = C9910F631871F7170021364E /* Products */;
			projectDirPath = "";
			projectRoot = "";
			targets = (
				C9910F611871F7170021364E /* DynamicBackground */,
				C9910F821871F7180021364E /* DynamicBackgroundTests */,
			);
		};
/* End PBXProject section */

/* Begin PBXResourcesBuildPhase section */
		C9910F601871F7170021364E /* Resources */ = {
			isa = PBXResourcesBuildPhase;
			buildActionMask = 2147483647;
			files = (
				C9910F7E1871F7180021364E /* Images.xcassets in Resources */,
				C9910F701871F7180021364E /* InfoPlist.strings in Resources */,
				C9910F791871F7180021364E /* Main.storyboard in Resources */,
			);
			runOnlyForDeploymentPostprocessing = 0;
		};
		C9910F811871F7180021364E /* Resources */ = {
			isa = PBXResourcesBuildPhase;
			buildActionMask = 2147483647;
			files = (
				C9910F8F1871F7180021364E /* InfoPlist.strings in Resources */,
			);
			runOnlyForDeploymentPostprocessing = 0;
		};
/* End PBXResourcesBuildPhase section */

/* Begin PBXSourcesBuildPhase section */
		C9910F5E1871F7170021364E /* Sources */ = {
			isa = PBXSourcesBuildPhase;
			buildActionMask = 2147483647;
			files = (
				C9910F761871F7180021364E /* GCAppDelegate.m in Sources */,
				C9910F7C1871F7180021364E /* GCViewController.m in Sources */,
				C9910F721871F7180021364E /* main.m in Sources */,
			);
			runOnlyForDeploymentPostprocessing = 0;
		};
		C9910F7F1871F7180021364E /* Sources */ = {
			isa = PBXSourcesBuildPhase;
			buildActionMask = 2147483647;
			files = (
				C9910F911871F7180021364E /* DynamicBackgroundTests.m in Sources */,
			);
			runOnlyForDeploymentPostprocessing = 0;
		};
/* End PBXSourcesBuildPhase section */

/* Begin PBXTargetDependency section */
		C9910F891871F7180021364E /* PBXTargetDependency */ = {
			isa = PBXTargetDependency;
			target = C9910F611871F7170021364E /* DynamicBackground */;
			targetProxy = C9910F881871F7180021364E /* PBXContainerItemProxy */;
		};
/* End PBXTargetDependency section */

/* Begin PBXVariantGroup section */
		C9910F6E1871F7180021364E /* InfoPlist.strings */ = {
			isa = PBXVariantGroup;
			children = (
				C9910F6F1871F7180021364E /* en */,
			);
			name = InfoPlist.strings;
			sourceTree = "<group>";
		};
		C9910F771871F7180021364E /* Main.storyboard */ = {
			isa = PBXVariantGroup;
			children = (
				C9910F781871F7180021364E /* Base */,
			);
			name = Main.storyboard;
			sourceTree = "<group>";
		};
		C9910F8D1871F7180021364E /* InfoPlist.strings */ = {
			isa = PBXVariantGroup;
			children = (
				C9910F8E1871F7180021364E /* en */,
			);
			name = InfoPlist.strings;
			sourceTree = "<group>";
		};
/* End PBXVariantGroup section */

/* Begin XCBuildConfiguration section */
		C9910F921871F7180021364E /* Debug */ = {
			isa = XCBuildConfiguration;
			buildSettings = {
				ALWAYS_SEARCH_USER_PATHS = NO;
				ARCHS = "$(ARCHS_STANDARD_INCLUDING_64_BIT)";
				CLANG_CXX_LANGUAGE_STANDARD = "gnu++0x";
				CLANG_CXX_LIBRARY = "libc++";
				CLANG_ENABLE_MODULES = YES;
				CLANG_ENABLE_OBJC_ARC = YES;
				CLANG_WARN_BOOL_CONVERSION = YES;
				CLANG_WARN_CONSTANT_CONVERSION = YES;
				CLANG_WARN_DIRECT_OBJC_ISA_USAGE = YES_ERROR;
				CLANG_WARN_EMPTY_BODY = YES;
				CLANG_WARN_ENUM_CONVERSION = YES;
				CLANG_WARN_INT_CONVERSION = YES;
				CLANG_WARN_OBJC_ROOT_CLASS = YES_ERROR;
				CLANG_WARN__DUPLICATE_METHOD_MATCH = YES;
				"CODE_SIGN_IDENTITY[sdk=iphoneos*]" = "iPhone Developer";
				COPY_PHASE_STRIP = NO;
				GCC_C_LANGUAGE_STANDARD = gnu99;
				GCC_DYNAMIC_NO_PIC = NO;
				GCC_OPTIMIZATION_LEVEL = 0;
				GCC_PREPROCESSOR_DEFINITIONS = (
					"DEBUG=1",
					"$(inherited)",
				);
				GCC_SYMBOLS_PRIVATE_EXTERN = NO;
				GCC_WARN_64_TO_32_BIT_CONVERSION = YES;
				GCC_WARN_ABOUT_RETURN_TYPE = YES_ERROR;
				GCC_WARN_UNDECLARED_SELECTOR = YES;
				GCC_WARN_UNINITIALIZED_AUTOS = YES;
				GCC_WARN_UNUSED_FUNCTION = YES;
				GCC_WARN_UNUSED_VARIABLE = YES;
				IPHONEOS_DEPLOYMENT_TARGET = 7.0;
				ONLY_ACTIVE_ARCH = YES;
				SDKROOT = iphoneos;
			};
			name = Debug;
		};
		C9910F931871F7180021364E /* Release */ = {
			isa = XCBuildConfiguration;
			buildSettings = {
				ALWAYS_SEARCH_USER_PATHS = NO;
				ARCHS = "$(ARCHS_STANDARD_INCLUDING_64_BIT)";
				CLANG_CXX_LANGUAGE_STANDARD = "gnu++0x";
				CLANG_CXX_LIBRARY = "libc++";
				CLANG_ENABLE_MODULES = YES;
				CLANG_ENABLE_OBJC_ARC = YES;
				CLANG_WARN_BOOL_CONVERSION = YES;
				CLANG_WARN_CONSTANT_CONVERSION = YES;
				CLANG_WARN_DIRECT_OBJC_ISA_USAGE = YES_ERROR;
				CLANG_WARN_EMPTY_BODY = YES;
				CLANG_WARN_ENUM_CONVERSION = YES;
				CLANG_WARN_INT_CONVERSION = YES;
				CLANG_WARN_OBJC_ROOT_CLASS = YES_ERROR;
				CLANG_WARN__DUPLICATE_METHOD_MATCH = YES;
				"CODE_SIGN_IDENTITY[sdk=iphoneos*]" = "iPhone Developer";
				COPY_PHASE_STRIP = YES;
				ENABLE_NS_ASSERTIONS = NO;
				GCC_C_LANGUAGE_STANDARD = gnu99;
				GCC_WARN_64_TO_32_BIT_CONVERSION = YES;
				GCC_WARN_ABOUT_RETURN_TYPE = YES_ERROR;
				GCC_WARN_UNDECLARED_SELECTOR = YES;
				GCC_WARN_UNINITIALIZED_AUTOS = YES;
				GCC_WARN_UNUSED_FUNCTION = YES;
				GCC_WARN_UNUSED_VARIABLE = YES;
				IPHONEOS_DEPLOYMENT_TARGET = 7.0;
				SDKROOT = iphoneos;
				VALIDATE_PRODUCT = YES;
			};
			name = Release;
		};
		C9910F951871F7180021364E /* Debug */ = {
			isa = XCBuildConfiguration;
			buildSettings = {
				ASSETCATALOG_COMPILER_APPICON_NAME = AppIcon;
				ASSETCATALOG_COMPILER_LAUNCHIMAGE_NAME = LaunchImage;
				GCC_PRECOMPILE_PREFIX_HEADER = YES;
				GCC_PREFIX_HEADER = "DynamicBackground/DynamicBackground-Prefix.pch";
				INFOPLIST_FILE = "DynamicBackground/DynamicBackground-Info.plist";
				PRODUCT_NAME = "$(TARGET_NAME)";
				WRAPPER_EXTENSION = app;
			};
			name = Debug;
		};
		C9910F961871F7180021364E /* Release */ = {
			isa = XCBuildConfiguration;
			buildSettings = {
				ASSETCATALOG_COMPILER_APPICON_NAME = AppIcon;
				ASSETCATALOG_COMPILER_LAUNCHIMAGE_NAME = LaunchImage;
				GCC_PRECOMPILE_PREFIX_HEADER = YES;
				GCC_PREFIX_HEADER = "DynamicBackground/DynamicBackground-Prefix.pch";
				INFOPLIST_FILE = "DynamicBackground/DynamicBackground-Info.plist";
				PRODUCT_NAME = "$(TARGET_NAME)";
				WRAPPER_EXTENSION = app;
			};
			name = Release;
		};
		C9910F981871F7180021364E /* Debug */ = {
			isa = XCBuildConfiguration;
			buildSettings = {
				ARCHS = "$(ARCHS_STANDARD_INCLUDING_64_BIT)";
				BUNDLE_LOADER = "$(BUILT_PRODUCTS_DIR)/DynamicBackground.app/DynamicBackground";
				FRAMEWORK_SEARCH_PATHS = (
					"$(SDKROOT)/Developer/Library/Frameworks",
					"$(inherited)",
					"$(DEVELOPER_FRAMEWORKS_DIR)",
				);
				GCC_PRECOMPILE_PREFIX_HEADER = YES;
				GCC_PREFIX_HEADER = "DynamicBackground/DynamicBackground-Prefix.pch";
				GCC_PREPROCESSOR_DEFINITIONS = (
					"DEBUG=1",
					"$(inherited)",
				);
				INFOPLIST_FILE = "DynamicBackgroundTests/DynamicBackgroundTests-Info.plist";
				PRODUCT_NAME = "$(TARGET_NAME)";
				TEST_HOST = "$(BUNDLE_LOADER)";
				WRAPPER_EXTENSION = xctest;
			};
			name = Debug;
		};
		C9910F991871F7180021364E /* Release */ = {
			isa = XCBuildConfiguration;
			buildSettings = {
				ARCHS = "$(ARCHS_STANDARD_INCLUDING_64_BIT)";
				BUNDLE_LOADER = "$(BUILT_PRODUCTS_DIR)/DynamicBackground.app/DynamicBackground";
				FRAMEWORK_SEARCH_PATHS = (
					"$(SDKROOT)/Developer/Library/Frameworks",
					"$(inherited)",
					"$(DEVELOPER_FRAMEWORKS_DIR)",
				);
				GCC_PRECOMPILE_PREFIX_HEADER = YES;
				GCC_PREFIX_HEADER = "DynamicBackground/DynamicBackground-Prefix.pch";
				INFOPLIST_FILE = "DynamicBackgroundTests/DynamicBackgroundTests-Info.plist";
				PRODUCT_NAME = "$(TARGET_NAME)";
				TEST_HOST = "$(BUNDLE_LOADER)";
				WRAPPER_EXTENSION = xctest;
			};
			name = Release;
		};
/* End XCBuildConfiguration section */

/* Begin XCConfigurationList section */
		C9910F5D1871F7170021364E /* Build configuration list for PBXProject "DynamicBackground" */ = {
			isa = XCConfigurationList;
			buildConfigurations = (
				C9910F921871F7180021364E /* Debug */,
				C9910F931871F7180021364E /* Release */,
			);
			defaultConfigurationIsVisible = 0;
			defaultConfigurationName = Release;
		};
		C9910F941871F7180021364E /* Build configuration list for PBXNativeTarget "DynamicBackground" */ = {
			isa = XCConfigurationList;
			buildConfigurations = (
				C9910F951871F7180021364E /* Debug */,
				C9910F961871F7180021364E /* Release */,
			);
			defaultConfigurationIsVisible = 0;
		};
		C9910F971871F7180021364E /* Build configuration list for PBXNativeTarget "DynamicBackgroundTests" */ = {
			isa = XCConfigurationList;
			buildConfigurations = (
				C9910F981871F7180021364E /* Debug */,
				C9910F991871F7180021364E /* Release */,
			);
			defaultConfigurationIsVisible = 0;
		};
/* End XCConfigurationList section */
	};
	rootObject = C9910F5A1871F7170021364E /* Project object */;
}
